{
  "lockfile-version": 1,
  "manifest": {
    "schema-version": "1.14.0",
    "install": {
      "kubeconform": {
        "pkg-path": "kubeconform",
        "pkg-group": "kubeconform",
        "version": "0.6.7"
      },
      "kubernetes-helm": {
        "pkg-path": "kubernetes-helm",
        "pkg-group": "kubernetes-helm",
        "version": "4.2.3"
      }
    },
    "options": {
      "systems": [
        "aarch64-darwin",
        "aarch64-linux",
        "x86_64-linux"
      ]
    }
  },
  "packages": [
    {
      "attr_path": "kubeconform",
      "broken": false,
      "derivation": "/nix/store/9s4snw6sv1rxkppb2vh77mfx8y8w3dk0-kubeconform-0.6.7.drv",
      "description": "FAST Kubernetes manifests validator, with support for Custom Resources!",
      "install_id": "kubeconform",
      "license": "Apache-2.0",
      "locked_url": "https://github.com/flox/nixpkgs?rev=979daf34c8cacebcd917d540070b52a3c2b9b16e",
      "name": "kubeconform-0.6.7",
      "pname": "kubeconform",
      "rev": "979daf34c8cacebcd917d540070b52a3c2b9b16e",
      "rev_count": 793735,
      "rev_date": "2025-05-04T03:14:55Z",
      "scrape_date": "2025-05-05T04:19:29.834897Z",
      "stabilities": [
        "staging",
        "unstable"
      ],
      "unfree": false,
      "version": "0.6.7",
      "outputs_to_install": [
        "out"
      ],
      "outputs": {
        "out": "/nix/store/39nyhvxm0fj2bqpy1hb0wp1mj6drgw6k-kubeconform-0.6.7"
      },
      "system": "aarch64-darwin",
      "group": "kubeconform",
      "priority": 5
    },
    {
      "attr_path": "kubeconform",
      "broken": false,
      "derivation": "/nix/store/lq4z544sl9s1g771v8si3pa54zk39x4h-kubeconform-0.6.7.drv",
      "description": "FAST Kubernetes manifests validator, with support for Custom Resources!",
      "install_id": "kubeconform",
      "license": "Apache-2.0",
      "locked_url": "https://github.com/flox/nixpkgs?rev=979daf34c8cacebcd917d540070b52a3c2b9b16e",
      "name": "kubeconform-0.6.7",
      "pname": "kubeconform",
      "rev": "979daf34c8cacebcd917d540070b52a3c2b9b16e",
      "rev_count": 793735,
      "rev_date": "2025-05-04T03:14:55Z",
      "scrape_date": "2025-05-05T04:37:22.795766Z",
      "stabilities": [
        "staging",
        "unstable"
      ],
      "unfree": false,
      "version": "0.6.7",
      "outputs_to_install": [
        "out"
      ],
      "outputs": {
        "out": "/nix/store/dl336sgplkl83x7hgq9vchnwia92rllx-kubeconform-0.6.7"
      },
      "system": "aarch64-linux",
      "group": "kubeconform",
      "priority": 5
    },
    {
      "attr_path": "kubeconform",
      "broken": false,
      "derivation": "/nix/store/7sn96dgwl0lkghawlg88557cr9nr88y4-kubeconform-0.6.7.drv",
      "description": "FAST Kubernetes manifests validator, with support for Custom Resources!",
      "install_id": "kubeconform",
      "license": "Apache-2.0",
      "locked_url": "https://github.com/flox/nixpkgs?rev=979daf34c8cacebcd917d540070b52a3c2b9b16e",
      "name": "kubeconform-0.6.7",
      "pname": "kubeconform",
      "rev": "979daf34c8cacebcd917d540070b52a3c2b9b16e",
      "rev_count": 793735,
      "rev_date": "2025-05-04T03:14:55Z",
      "scrape_date": "2025-05-05T05:15:57.921277Z",
      "stabilities": [
        "staging",
        "unstable"
      ],
      "unfree": false,
      "version": "0.6.7",
      "outputs_to_install": [
        "out"
      ],
      "outputs": {
        "out": "/nix/store/8cmvaf9s4h36rz1464kwwn5a9pifgf56-kubeconform-0.6.7"
      },
      "system": "x86_64-linux",
      "group": "kubeconform",
      "priority": 5
    },
    {
      "attr_path": "kubernetes-helm",
      "broken": false,
      "derivation": "/nix/store/ks407x1bpdbnyrx81q774nmihmdajvln-kubernetes-helm-4.2.3.drv",
      "description": "Package manager for kubernetes",
      "install_id": "kubernetes-helm",
      "license": "Apache-2.0",
      "locked_url": "https://github.com/flox/nixpkgs?rev=0e251e24a4f24e036a084b6b4b2d2491af4167f4",
      "name": "kubernetes-helm-4.2.3",
      "pname": "kubernetes-helm",
      "rev": "0e251e24a4f24e036a084b6b4b2d2491af4167f4",
      "rev_count": 1053317,
      "rev_date": "2026-08-13T05:33:33Z",
      "scrape_date": "2026-08-14T05:00:08.673752Z",
      "stabilities": [
        "staging",
        "unstable"
      ],
      "unfree": false,
      "version": "4.2.3",
      "outputs_to_install": [
        "out"
      ],
      "outputs": {
        "out": "/nix/store/y2b3h7dfvm8p3fc99mqpdbdwdkgarp27-kubernetes-helm-4.2.3"
      },
      "system": "aarch64-darwin",
      "group": "kubernetes-helm",
      "priority": 5
    },
    {
      "attr_path": "kubernetes-helm",
      "broken": false,
      "derivation": "/nix/store/w30gmgdnp22gjik7h5kv7496h9bwgw24-kubernetes-helm-4.2.3.drv",
      "description": "Package manager for kubernetes",
      "install_id": "kubernetes-helm",
      "license": "Apache-2.0",
      "locked_url": "https://github.com/flox/nixpkgs?rev=0e251e24a4f24e036a084b6b4b2d2491af4167f4",
      "name": "kubernetes-helm-4.2.3",
      "pname": "kubernetes-helm",
      "rev": "0e251e24a4f24e036a084b6b4b2d2491af4167f4",
      "rev_count": 1053317,
      "rev_date": "2026-08-13T05:33:33Z",
      "scrape_date": "2026-08-14T05:34:26.710171Z",
      "stabilities": [
        "staging",
        "unstable"
      ],
      "unfree": false,
      "version": "4.2.3",
      "outputs_to_install": [
        "out"
      ],
      "outputs": {
        "out": "/nix/store/dc7s2nkq2jbisaxb5fhqn752ll3kjp4y-kubernetes-helm-4.2.3"
      },
      "system": "aarch64-linux",
      "group": "kubernetes-helm",
      "priority": 5
    },
    {
      "attr_path": "kubernetes-helm",
      "broken": false,
      "derivation": "/nix/store/301q2r0hyi366w2hlq3rcbhyhfz01xb5-kubernetes-helm-4.2.3.drv",
      "description": "Package manager for kubernetes",
      "install_id": "kubernetes-helm",
      "license": "Apache-2.0",
      "locked_url": "https://github.com/flox/nixpkgs?rev=0e251e24a4f24e036a084b6b4b2d2491af4167f4",
      "name": "kubernetes-helm-4.2.3",
      "pname": "kubernetes-helm",
      "rev": "0e251e24a4f24e036a084b6b4b2d2491af4167f4",
      "rev_count": 1053317,
      "rev_date": "2026-08-13T05:33:33Z",
      "scrape_date": "2026-08-14T06:17:21.277386Z",
      "stabilities": [
        "staging",
        "unstable"
      ],
      "unfree": false,
      "version": "4.2.3",
      "outputs_to_install": [
        "out"
      ],
      "outputs": {
        "out": "/nix/store/9wdrj41wkpf6zwld00asw3nk7i7f7kj7-kubernetes-helm-4.2.3"
      },
      "system": "x86_64-linux",
      "group": "kubernetes-helm",
      "priority": 5
    }
  ]
}
