{
  "lockfile-version": 1,
  "manifest": {
    "schema-version": "1.14.0",
    "install": {
      "go_1_26": {
        "pkg-path": "go_1_26",
        "version": "1.26.5"
      }
    },
    "options": {
      "systems": [
        "aarch64-darwin",
        "aarch64-linux",
        "x86_64-linux"
      ]
    }
  },
  "packages": [
    {
      "attr_path": "go_1_26",
      "broken": false,
      "derivation": "/nix/store/l4h5brja9krijg49rjgqqwl41gallzyk-go-1.26.5.drv",
      "description": "Go Programming language",
      "install_id": "go_1_26",
      "license": "BSD-3-Clause",
      "locked_url": "https://github.com/flox/nixpkgs?rev=ec2d622de0773551768cf98f3fc50cbcc003b9c5",
      "name": "go-1.26.5",
      "pname": "go_1_26",
      "rev": "ec2d622de0773551768cf98f3fc50cbcc003b9c5",
      "rev_count": 1057119,
      "rev_date": "2026-08-17T21:16:21Z",
      "scrape_date": "2026-08-19T04:55:22.028599Z",
      "stabilities": [
        "unstable"
      ],
      "unfree": false,
      "version": "1.26.5",
      "outputs_to_install": [
        "out"
      ],
      "outputs": {
        "out": "/nix/store/4im44k446822ixjai0mdaizqskc90qxr-go-1.26.5"
      },
      "system": "aarch64-darwin",
      "group": "toplevel",
      "priority": 5
    },
    {
      "attr_path": "go_1_26",
      "broken": false,
      "derivation": "/nix/store/0gbv4dwd20dvc1ld7v7vmbym3wh5lvkp-go-1.26.5.drv",
      "description": "Go Programming language",
      "install_id": "go_1_26",
      "license": "BSD-3-Clause",
      "locked_url": "https://github.com/flox/nixpkgs?rev=ec2d622de0773551768cf98f3fc50cbcc003b9c5",
      "name": "go-1.26.5",
      "pname": "go_1_26",
      "rev": "ec2d622de0773551768cf98f3fc50cbcc003b9c5",
      "rev_count": 1057119,
      "rev_date": "2026-08-17T21:16:21Z",
      "scrape_date": "2026-08-19T05:25:27.776775Z",
      "stabilities": [
        "unstable"
      ],
      "unfree": false,
      "version": "1.26.5",
      "outputs_to_install": [
        "out"
      ],
      "outputs": {
        "out": "/nix/store/yjifjy7qjzm9jli8xhzwy3y6fzw84405-go-1.26.5"
      },
      "system": "aarch64-linux",
      "group": "toplevel",
      "priority": 5
    },
    {
      "attr_path": "go_1_26",
      "broken": false,
      "derivation": "/nix/store/11w7bm3ywzxmqw9cczv44gxcfiws472f-go-1.26.5.drv",
      "description": "Go Programming language",
      "install_id": "go_1_26",
      "license": "BSD-3-Clause",
      "locked_url": "https://github.com/flox/nixpkgs?rev=ec2d622de0773551768cf98f3fc50cbcc003b9c5",
      "name": "go-1.26.5",
      "pname": "go_1_26",
      "rev": "ec2d622de0773551768cf98f3fc50cbcc003b9c5",
      "rev_count": 1057119,
      "rev_date": "2026-08-17T21:16:21Z",
      "scrape_date": "2026-08-19T05:58:56.139006Z",
      "stabilities": [
        "unstable"
      ],
      "unfree": false,
      "version": "1.26.5",
      "outputs_to_install": [
        "out"
      ],
      "outputs": {
        "out": "/nix/store/xrgn6m0c5vbz06467q06zdwnk6qqdl7z-go-1.26.5"
      },
      "system": "x86_64-linux",
      "group": "toplevel",
      "priority": 5
    }
  ]
}
