{
  "lockfile-version": 1,
  "manifest": {
    "schema-version": "1.13.0",
    "install": {
      "nodejs": {
        "pkg-path": "nodejs_22",
        "pkg-group": "node",
        "version": "22.23.2"
      },
      "pnpm": {
        "pkg-path": "pnpm_10",
        "pkg-group": "node",
        "version": "10.34.5"
      }
    },
    "vars": {
      "PNPM_HOME": "${FLOX_ENV_CACHE}/pnpm"
    },
    "options": {
      "systems": [
        "aarch64-darwin",
        "aarch64-linux",
        "x86_64-linux"
      ]
    }
  },
  "packages": [
    {
      "attr_path": "nodejs_22",
      "broken": false,
      "derivation": "/nix/store/98iw9769gchj4vs8vkfvkdnxczaarami-nodejs-22.23.2.drv",
      "description": "Event-driven I/O framework for the V8 JavaScript engine",
      "install_id": "nodejs",
      "license": "MIT",
      "locked_url": "https://github.com/flox/nixpkgs?rev=f13ff45afd1bb73e640eaa08a7066dbed07e3238",
      "name": "nodejs-22.23.2",
      "pname": "nodejs_22",
      "rev": "f13ff45afd1bb73e640eaa08a7066dbed07e3238",
      "rev_count": 1049422,
      "rev_date": "2026-08-07T12:45:23Z",
      "scrape_date": "2026-08-09T04:55:15.826463Z",
      "stabilities": [
        "unstable"
      ],
      "unfree": false,
      "version": "22.23.2",
      "outputs_to_install": [
        "out"
      ],
      "outputs": {
        "out": "/nix/store/s0qzknz77k3lzikgywx2piilfp8w0581-nodejs-22.23.2"
      },
      "system": "aarch64-darwin",
      "group": "node",
      "priority": 5
    },
    {
      "attr_path": "nodejs_22",
      "broken": false,
      "derivation": "/nix/store/i9h6nligglciwssrc0zdri9zji0hx20c-nodejs-22.23.2.drv",
      "description": "Event-driven I/O framework for the V8 JavaScript engine",
      "install_id": "nodejs",
      "license": "MIT",
      "locked_url": "https://github.com/flox/nixpkgs?rev=f13ff45afd1bb73e640eaa08a7066dbed07e3238",
      "name": "nodejs-22.23.2",
      "pname": "nodejs_22",
      "rev": "f13ff45afd1bb73e640eaa08a7066dbed07e3238",
      "rev_count": 1049422,
      "rev_date": "2026-08-07T12:45:23Z",
      "scrape_date": "2026-08-09T05:24:46.217099Z",
      "stabilities": [
        "unstable"
      ],
      "unfree": false,
      "version": "22.23.2",
      "outputs_to_install": [
        "out"
      ],
      "outputs": {
        "out": "/nix/store/i7dq81ramvcyrzasgv8qbf07rgfiqiai-nodejs-22.23.2"
      },
      "system": "aarch64-linux",
      "group": "node",
      "priority": 5
    },
    {
      "attr_path": "nodejs_22",
      "broken": false,
      "derivation": "/nix/store/1x2rjyk2j93jmsl6myl8nrv7b95viv21-nodejs-22.23.2.drv",
      "description": "Event-driven I/O framework for the V8 JavaScript engine",
      "install_id": "nodejs",
      "license": "MIT",
      "locked_url": "https://github.com/flox/nixpkgs?rev=f13ff45afd1bb73e640eaa08a7066dbed07e3238",
      "name": "nodejs-22.23.2",
      "pname": "nodejs_22",
      "rev": "f13ff45afd1bb73e640eaa08a7066dbed07e3238",
      "rev_count": 1049422,
      "rev_date": "2026-08-07T12:45:23Z",
      "scrape_date": "2026-08-09T05:59:03.273842Z",
      "stabilities": [
        "unstable"
      ],
      "unfree": false,
      "version": "22.23.2",
      "outputs_to_install": [
        "out"
      ],
      "outputs": {
        "out": "/nix/store/3vm4j8im8bzdal3dsgmhv9gb5kvanbp1-nodejs-22.23.2"
      },
      "system": "x86_64-linux",
      "group": "node",
      "priority": 5
    },
    {
      "attr_path": "pnpm_10",
      "broken": false,
      "derivation": "/nix/store/1x2hdyi7z35mpsb40q1c99rzzli3lyd1-pnpm-10.34.5.drv",
      "description": "Fast, disk space efficient package manager for JavaScript",
      "install_id": "pnpm",
      "license": "MIT",
      "locked_url": "https://github.com/flox/nixpkgs?rev=f13ff45afd1bb73e640eaa08a7066dbed07e3238",
      "name": "pnpm-10.34.5",
      "pname": "pnpm_10",
      "rev": "f13ff45afd1bb73e640eaa08a7066dbed07e3238",
      "rev_count": 1049422,
      "rev_date": "2026-08-07T12:45:23Z",
      "scrape_date": "2026-08-09T04:55:29.248162Z",
      "stabilities": [
        "unstable"
      ],
      "unfree": false,
      "version": "10.34.5",
      "outputs_to_install": [
        "out"
      ],
      "outputs": {
        "out": "/nix/store/mqihmbwcawwpgwnwfg2hwyx4y8577991-pnpm-10.34.5"
      },
      "system": "aarch64-darwin",
      "group": "node",
      "priority": 5
    },
    {
      "attr_path": "pnpm_10",
      "broken": false,
      "derivation": "/nix/store/ykmg9frmp7x4dni86raf9m10xjb9hpz1-pnpm-10.34.5.drv",
      "description": "Fast, disk space efficient package manager for JavaScript",
      "install_id": "pnpm",
      "license": "MIT",
      "locked_url": "https://github.com/flox/nixpkgs?rev=f13ff45afd1bb73e640eaa08a7066dbed07e3238",
      "name": "pnpm-10.34.5",
      "pname": "pnpm_10",
      "rev": "f13ff45afd1bb73e640eaa08a7066dbed07e3238",
      "rev_count": 1049422,
      "rev_date": "2026-08-07T12:45:23Z",
      "scrape_date": "2026-08-09T05:25:05.998051Z",
      "stabilities": [
        "unstable"
      ],
      "unfree": false,
      "version": "10.34.5",
      "outputs_to_install": [
        "out"
      ],
      "outputs": {
        "out": "/nix/store/z4vxcxkfb4mh4ajc7gvwihqqawcnd7qs-pnpm-10.34.5"
      },
      "system": "aarch64-linux",
      "group": "node",
      "priority": 5
    },
    {
      "attr_path": "pnpm_10",
      "broken": false,
      "derivation": "/nix/store/a4s9ni15m40b0iwglfmdrhnjwd0bab4n-pnpm-10.34.5.drv",
      "description": "Fast, disk space efficient package manager for JavaScript",
      "install_id": "pnpm",
      "license": "MIT",
      "locked_url": "https://github.com/flox/nixpkgs?rev=f13ff45afd1bb73e640eaa08a7066dbed07e3238",
      "name": "pnpm-10.34.5",
      "pname": "pnpm_10",
      "rev": "f13ff45afd1bb73e640eaa08a7066dbed07e3238",
      "rev_count": 1049422,
      "rev_date": "2026-08-07T12:45:23Z",
      "scrape_date": "2026-08-09T05:59:22.852600Z",
      "stabilities": [
        "unstable"
      ],
      "unfree": false,
      "version": "10.34.5",
      "outputs_to_install": [
        "out"
      ],
      "outputs": {
        "out": "/nix/store/1y1j3774v84329m42q0sjy3f89n5p1fx-pnpm-10.34.5"
      },
      "system": "x86_64-linux",
      "group": "node",
      "priority": 5
    }
  ]
}
